{
  "name": "multi-av-scan-pipeline-tools",
  "version": "0.1.0",
  "lockfileVersion": 3,
  "requires": true,
  "packages": {
    "": {
      "name": "multi-av-scan-pipeline-tools",
      "version": "0.1.0",
      "dependencies": {
        "cloc": "^2.6.0-cloc"
      }
    },
    "node_modules/cloc": {
      "version": "2.6.0-cloc",
      "resolved": "https://registry.npmjs.org/cloc/-/cloc-2.6.0-cloc.tgz",
      "integrity": "sha512-fCHPvFN6I7WmC005u99WqLxqWnWhEra0YCppc2k8lpRZrPFIEaHaNxgJ+funlSRIZMSIOqxwpt7pmEKDPFCz2g==",
      "license": "GPL-2.0",
      "bin": {
        "cloc": "lib/cloc"
      }
    }
  }
}
